
Microsoft Visual Studio Solution File, Format Version 12.00
# Visual Studio Version 17
VisualStudioVersion = 17.5.33414.496
MinimumVisualStudioVersion = 10.0.40219.1
Project("{FAE04EC0-301F-11D3-BF4B-00C04F79EFBC}") = "Scenario_9_Backend.API", "Scenario_9_Backend.API\Scenario_9_Backend.API.csproj", "{5F675147-6150-43C2-A5B4-51145C8650D7}"
EndProject
Project("{FAE04EC0-301F-11D3-BF4B-00C04F79EFBC}") = "Scenario_9_Backend.DAL", "Scenario_9_Backend.DAL\Scenario_9_Backend.DAL.csproj", "{6891F054-A130-46D0-94A2-B5457EEFD220}"
EndProject
Project("{FAE04EC0-301F-11D3-BF4B-00C04F79EFBC}") = "Scenario_9_Backend.BLL", "Scenario_9_Backend.BLL\Scenario_9_Backend.BLL.csproj", "{B1986546-89FC-4425-AA81-572701400413}"
EndProject
Global
	GlobalSection(SolutionConfigurationPlatforms) = preSolution
		Debug|Any CPU = Debug|Any CPU
		Release|Any CPU = Release|Any CPU
	EndGlobalSection
	GlobalSection(ProjectConfigurationPlatforms) = postSolution
		{5F675147-6150-43C2-A5B4-51145C8650D7}.Debug|Any CPU.ActiveCfg = Debug|Any CPU
		{5F675147-6150-43C2-A5B4-51145C8650D7}.Debug|Any CPU.Build.0 = Debug|Any CPU
		{5F675147-6150-43C2-A5B4-51145C8650D7}.Release|Any CPU.ActiveCfg = Release|Any CPU
		{5F675147-6150-43C2-A5B4-51145C8650D7}.Release|Any CPU.Build.0 = Release|Any CPU
		{6891F054-A130-46D0-94A2-B5457EEFD220}.Debug|Any CPU.ActiveCfg = Debug|Any CPU
		{6891F054-A130-46D0-94A2-B5457EEFD220}.Debug|Any CPU.Build.0 = Debug|Any CPU
		{6891F054-A130-46D0-94A2-B5457EEFD220}.Release|Any CPU.ActiveCfg = Release|Any CPU
		{6891F054-A130-46D0-94A2-B5457EEFD220}.Release|Any CPU.Build.0 = Release|Any CPU
		{B1986546-89FC-4425-AA81-572701400413}.Debug|Any CPU.ActiveCfg = Debug|Any CPU
		{B1986546-89FC-4425-AA81-572701400413}.Debug|Any CPU.Build.0 = Debug|Any CPU
		{B1986546-89FC-4425-AA81-572701400413}.Release|Any CPU.ActiveCfg = Release|Any CPU
		{B1986546-89FC-4425-AA81-572701400413}.Release|Any CPU.Build.0 = Release|Any CPU
	EndGlobalSection
	GlobalSection(SolutionProperties) = preSolution
		HideSolutionNode = FALSE
	EndGlobalSection
	GlobalSection(ExtensibilityGlobals) = postSolution
		SolutionGuid = {D4EEF63D-7534-4BBC-A5AE-13C8677D2762}
	EndGlobalSection
EndGlobal
